
Microsoft Visual Studio Solution File, Format Version 12.00
# Visual Studio 15
VisualStudioVersion = 15.0.27705.2000
MinimumVisualStudioVersion = 10.0.40219.1
Project("{9A19103F-16F7-4668-BE54-9A1E7A4F7556}") = "BlazorContosoUniversity.Server", "BlazorContosoUniversity.Server\BlazorContosoUniversity.Server.csproj", "{F48A7289-DB03-4D60-AACB-8A1BEEE14D4C}"
EndProject
Project("{9A19103F-16F7-4668-BE54-9A1E7A4F7556}") = "BlazorContosoUniversity.Client", "BlazorContosoUniversity.Client\BlazorContosoUniversity.Client.csproj", "{1A1DA76A-B7AD-48AC-A586-F10084EAF502}"
EndProject
Project("{9A19103F-16F7-4668-BE54-9A1E7A4F7556}") = "BlazorContosoUniversity.Shared", "BlazorContosoUniversity.Shared\BlazorContosoUniversity.Shared.csproj", "{B2B7297E-D755-43F1-A3C7-FF18AEC617A3}"
EndProject
Global
	GlobalSection(SolutionConfigurationPlatforms) = preSolution
		Debug|Any CPU = Debug|Any CPU
		Release|Any CPU = Release|Any CPU
	EndGlobalSection
	GlobalSection(ProjectConfigurationPlatforms) = postSolution
		{F48A7289-DB03-4D60-AACB-8A1BEEE14D4C}.Debug|Any CPU.ActiveCfg = Debug|Any CPU
		{F48A7289-DB03-4D60-AACB-8A1BEEE14D4C}.Debug|Any CPU.Build.0 = Debug|Any CPU
		{F48A7289-DB03-4D60-AACB-8A1BEEE14D4C}.Release|Any CPU.ActiveCfg = Release|Any CPU
		{F48A7289-DB03-4D60-AACB-8A1BEEE14D4C}.Release|Any CPU.Build.0 = Release|Any CPU
		{1A1DA76A-B7AD-48AC-A586-F10084EAF502}.Debug|Any CPU.ActiveCfg = Debug|Any CPU
		{1A1DA76A-B7AD-48AC-A586-F10084EAF502}.Debug|Any CPU.Build.0 = Debug|Any CPU
		{1A1DA76A-B7AD-48AC-A586-F10084EAF502}.Release|Any CPU.ActiveCfg = Release|Any CPU
		{1A1DA76A-B7AD-48AC-A586-F10084EAF502}.Release|Any CPU.Build.0 = Release|Any CPU
		{B2B7297E-D755-43F1-A3C7-FF18AEC617A3}.Debug|Any CPU.ActiveCfg = Debug|Any CPU
		{B2B7297E-D755-43F1-A3C7-FF18AEC617A3}.Debug|Any CPU.Build.0 = Debug|Any CPU
		{B2B7297E-D755-43F1-A3C7-FF18AEC617A3}.Release|Any CPU.ActiveCfg = Release|Any CPU
		{B2B7297E-D755-43F1-A3C7-FF18AEC617A3}.Release|Any CPU.Build.0 = Release|Any CPU
	EndGlobalSection
	GlobalSection(SolutionProperties) = preSolution
		HideSolutionNode = FALSE
	EndGlobalSection
	GlobalSection(ExtensibilityGlobals) = postSolution
		SolutionGuid = {3762D4BB-2D06-49D6-8768-D5C499E099E5}
	EndGlobalSection
EndGlobal
